
Microsoft Visual Studio Solution File, Format Version 12.00
# Visual Studio Version 17
VisualStudioVersion = 17.9.34607.119
MinimumVisualStudioVersion = 10.0.40219.1
Project("{FAE04EC0-301F-11D3-BF4B-00C04F79EFBC}") = "WebApi", "WebApi\WebApi.csproj", "{BD9DDA12-78B0-431B-B80F-AE4E4D8A44C9}"
EndProject
Project("{FAE04EC0-301F-11D3-BF4B-00C04F79EFBC}") = "Infrastructure", "Infrastructure\Infrastructure.csproj", "{A80D50FA-9CC2-49D7-B09A-AB68ABBAA5EA}"
EndProject
Global
	GlobalSection(SolutionConfigurationPlatforms) = preSolution
		Debug|Any CPU = Debug|Any CPU
		Release|Any CPU = Release|Any CPU
	EndGlobalSection
	GlobalSection(ProjectConfigurationPlatforms) = postSolution
		{BD9DDA12-78B0-431B-B80F-AE4E4D8A44C9}.Debug|Any CPU.ActiveCfg = Debug|Any CPU
		{BD9DDA12-78B0-431B-B80F-AE4E4D8A44C9}.Debug|Any CPU.Build.0 = Debug|Any CPU
		{BD9DDA12-78B0-431B-B80F-AE4E4D8A44C9}.Release|Any CPU.ActiveCfg = Release|Any CPU
		{BD9DDA12-78B0-431B-B80F-AE4E4D8A44C9}.Release|Any CPU.Build.0 = Release|Any CPU
		{A80D50FA-9CC2-49D7-B09A-AB68ABBAA5EA}.Debug|Any CPU.ActiveCfg = Debug|Any CPU
		{A80D50FA-9CC2-49D7-B09A-AB68ABBAA5EA}.Debug|Any CPU.Build.0 = Debug|Any CPU
		{A80D50FA-9CC2-49D7-B09A-AB68ABBAA5EA}.Release|Any CPU.ActiveCfg = Release|Any CPU
		{A80D50FA-9CC2-49D7-B09A-AB68ABBAA5EA}.Release|Any CPU.Build.0 = Release|Any CPU
	EndGlobalSection
	GlobalSection(SolutionProperties) = preSolution
		HideSolutionNode = FALSE
	EndGlobalSection
	GlobalSection(ExtensibilityGlobals) = postSolution
		SolutionGuid = {4FF80B68-E129-4FB6-A412-8A02989E937B}
	EndGlobalSection
EndGlobal
